// !$*UTF8*$!
{
	archiveVersion = 1;
	classes = {
	};
	objectVersion = 46;
	objects = {

/* Begin PBXBuildFile section */
		396543771EAB949100228CBB /* AppDelegate.swift in Sources */ = {isa = PBXBuildFile; fileRef = 396543761EAB949100228CBB /* AppDelegate.swift */; };
		396543791EAB949100228CBB /* ViewController.swift in Sources */ = {isa = PBXBuildFile; fileRef = 396543781EAB949100228CBB /* ViewController.swift */; };
		3965437C1EAB949100228CBB /* Main.storyboard in Resources */ = {isa = PBXBuildFile; fileRef = 3965437A1EAB949100228CBB /* Main.storyboard */; };
		3965437E1EAB949100228CBB /* Assets.xcassets in Resources */ = {isa = PBXBuildFile; fileRef = 3965437D1EAB949100228CBB /* Assets.xcassets */; };
		396543811EAB949100228CBB /* LaunchScreen.storyboard in Resources */ = {isa = PBXBuildFile; fileRef = 3965437F1EAB949100228CBB /* LaunchScreen.storyboard */; };
		3C9E6671FF28A98E90686210 /* Pods_PersonalPortfolio.framework in Frameworks */ = {isa = PBXBuildFile; fileRef = 7CAC6AD6951DF88CB076579A /* Pods_PersonalPortfolio.framework */; };
/* End PBXBuildFile section */

/* Begin PBXFileReference section */
		396543731EAB949100228CBB /* PersonalPortfolio.app */ = {isa = PBXFileReference; explicitFileType = wrapper.application; includeInIndex = 0; path = PersonalPortfolio.app; sourceTree = BUILT_PRODUCTS_DIR; };
		396543761EAB949100228CBB /* AppDelegate.swift */ = {isa = PBXFileReference; lastKnownFileType = sourcecode.swift; path = AppDelegate.swift; sourceTree = "<group>"; };
		396543781EAB949100228CBB /* ViewController.swift */ = {isa = PBXFileReference; lastKnownFileType = sourcecode.swift; path = ViewController.swift; sourceTree = "<group>"; };
		3965437B1EAB949100228CBB /* Base */ = {isa = PBXFileReference; lastKnownFileType = file.storyboard; name = Base; path = Base.lproj/Main.storyboard; sourceTree = "<group>"; };
		3965437D1EAB949100228CBB /* Assets.xcassets */ = {isa = PBXFileReference; lastKnownFileType = folder.assetcatalog; path = Assets.xcassets; sourceTree = "<group>"; };
		396543801EAB949100228CBB /* Base */ = {isa = PBXFileReference; lastKnownFileType = file.storyboard; name = Base; path = Base.lproj/LaunchScreen.storyboard; sourceTree = "<group>"; };
		396543821EAB949100228CBB /* Info.plist */ = {isa = PBXFileReference; lastKnownFileType = text.plist.xml; path = Info.plist; sourceTree = "<group>"; };
		4B426CADC4EE6A06F1D2B993 /* Pods-PersonalPortfolio.debug.xcconfig */ = {isa = PBXFileReference; includeInIndex = 1; lastKnownFileType = text.xcconfig; name = "Pods-PersonalPortfolio.debug.xcconfig"; path = "Pods/Target Support Files/Pods-PersonalPortfolio/Pods-PersonalPortfolio.debug.xcconfig"; sourceTree = "<group>"; };
		7CAC6AD6951DF88CB076579A /* Pods_PersonalPortfolio.framework */ = {isa = PBXFileReference; explicitFileType = wrapper.framework; includeInIndex = 0; path = Pods_PersonalPortfolio.framework; sourceTree = BUILT_PRODUCTS_DIR; };
		FF3F8D2066B7575D206F5616 /* Pods-PersonalPortfolio.release.xcconfig */ = {isa = PBXFileReference; includeInIndex = 1; lastKnownFileType = text.xcconfig; name = "Pods-PersonalPortfolio.release.xcconfig"; path = "Pods/Target Support Files/Pods-PersonalPortfolio/Pods-PersonalPortfolio.release.xcconfig"; sourceTree = "<group>"; };
/* End PBXFileReference section */

/* Begin PBXFrameworksBuildPhase section */
		396543701EAB949100228CBB /* Frameworks */ = {
			isa = PBXFrameworksBuildPhase;
			buildActionMask = 2147483647;
			files = (
				3C9E6671FF28A98E90686210 /* Pods_PersonalPortfolio.framework in Frameworks */,
			);
			runOnlyForDeploymentPostprocessing = 0;
		};
/* End PBXFrameworksBuildPhase section */

/* Begin PBXGroup section */
		1E81D7EB7E780AB7867FA34E /* Pods */ = {
			isa = PBXGroup;
			children = (
				4B426CADC4EE6A06F1D2B993 /* Pods-PersonalPortfolio.debug.xcconfig */,
				FF3F8D2066B7575D206F5616 /* Pods-PersonalPortfolio.release.xcconfig */,
			);
			name = Pods;
			sourceTree = "<group>";
		};
		3965436A1EAB949100228CBB = {
			isa = PBXGroup;
			children = (
				396543751EAB949100228CBB /* PersonalPortfolio */,
				396543741EAB949100228CBB /* Products */,
				1E81D7EB7E780AB7867FA34E /* Pods */,
				C1A12E439CB9F4E319E41652 /* Frameworks */,
			);
			sourceTree = "<group>";
		};
		396543741EAB949100228CBB /* Products */ = {
			isa = PBXGroup;
			children = (
				396543731EAB949100228CBB /* PersonalPortfolio.app */,
			);
			name = Products;
			sourceTree = "<group>";
		};
		396543751EAB949100228CBB /* PersonalPortfolio */ = {
			isa = PBXGroup;
			children = (
				396543761EAB949100228CBB /* AppDelegate.swift */,
				396543781EAB949100228CBB /* ViewController.swift */,
				3965437A1EAB949100228CBB /* Main.storyboard */,
				3965437D1EAB949100228CBB /* Assets.xcassets */,
				3965437F1EAB949100228CBB /* LaunchScreen.storyboard */,
				396543821EAB949100228CBB /* Info.plist */,
			);
			path = PersonalPortfolio;
			sourceTree = "<group>";
		};
		C1A12E439CB9F4E319E41652 /* Frameworks */ = {
			isa = PBXGroup;
			children = (
				7CAC6AD6951DF88CB076579A /* Pods_PersonalPortfolio.framework */,
			);
			name = Frameworks;
			sourceTree = "<group>";
		};
/* End PBXGroup section */

/* Begin PBXNativeTarget section */
		396543721EAB949100228CBB /* PersonalPortfolio */ = {
			isa = PBXNativeTarget;
			buildConfigurationList = 396543851EAB949100228CBB /* Build configuration list for PBXNativeTarget "PersonalPortfolio" */;
			buildPhases = (
				595ED38392F50314E3D03204 /* [CP] Check Pods Manifest.lock */,
				3965436F1EAB949100228CBB /* Sources */,
				396543701EAB949100228CBB /* Frameworks */,
				396543711EAB949100228CBB /* Resources */,
				113439E506D146371D779EC1 /* [CP] Embed Pods Frameworks */,
				AC4857BD995E72235817F9F6 /* [CP] Copy Pods Resources */,
			);
			buildRules = (
			);
			dependencies = (
			);
			name = PersonalPortfolio;
			productName = PersonalPortfolio;
			productReference = 396543731EAB949100228CBB /* PersonalPortfolio.app */;
			productType = "com.apple.product-type.application";
		};
/* End PBXNativeTarget section */

/* Begin PBXProject section */
		3965436B1EAB949100228CBB /* Project object */ = {
			isa = PBXProject;
			attributes = {
				LastSwiftUpdateCheck = 0820;
				LastUpgradeCheck = 0820;
				ORGANIZATIONNAME = "Ryan Brashear";
				TargetAttributes = {
					396543721EAB949100228CBB = {
						CreatedOnToolsVersion = 8.2.1;
						DevelopmentTeam = JA3DANMHQT;
						ProvisioningStyle = Automatic;
					};
				};
			};
			buildConfigurationList = 3965436E1EAB949100228CBB /* Build configuration list for PBXProject "PersonalPortfolio" */;
			compatibilityVersion = "Xcode 3.2";
			developmentRegion = English;
			hasScannedForEncodings = 0;
			knownRegions = (
				en,
				Base,
			);
			mainGroup = 3965436A1EAB949100228CBB;
			productRefGroup = 396543741EAB949100228CBB /* Products */;
			projectDirPath = "";
			projectRoot = "";
			targets = (
				396543721EAB949100228CBB /* PersonalPortfolio */,
			);
		};
/* End PBXProject section */

/* Begin PBXResourcesBuildPhase section */
		396543711EAB949100228CBB /* Resources */ = {
			isa = PBXResourcesBuildPhase;
			buildActionMask = 2147483647;
			files = (
				396543811EAB949100228CBB /* LaunchScreen.storyboard in Resources */,
				3965437E1EAB949100228CBB /* Assets.xcassets in Resources */,
				3965437C1EAB949100228CBB /* Main.storyboard in Resources */,
			);
			runOnlyForDeploymentPostprocessing = 0;
		};
/* End PBXResourcesBuildPhase section */

/* Begin PBXShellScriptBuildPhase section */
		113439E506D146371D779EC1 /* [CP] Embed Pods Frameworks */ = {
			isa = PBXShellScriptBuildPhase;
			buildActionMask = 2147483647;
			files = (
			);
			inputPaths = (
			);
			name = "[CP] Embed Pods Frameworks";
			outputPaths = (
			);
			runOnlyForDeploymentPostprocessing = 0;
			shellPath = /bin/sh;
			shellScript = "\"${SRCROOT}/Pods/Target Support Files/Pods-PersonalPortfolio/Pods-PersonalPortfolio-frameworks.sh\"\n";
			showEnvVarsInLog = 0;
		};
		595ED38392F50314E3D03204 /* [CP] Check Pods Manifest.lock */ = {
			isa = PBXShellScriptBuildPhase;
			buildActionMask = 2147483647;
			files = (
			);
			inputPaths = (
			);
			name = "[CP] Check Pods Manifest.lock";
			outputPaths = (
			);
			runOnlyForDeploymentPostprocessing = 0;
			shellPath = /bin/sh;
			shellScript = "diff \"${PODS_ROOT}/../Podfile.lock\" \"${PODS_ROOT}/Manifest.lock\" > /dev/null\nif [ $? != 0 ] ; then\n    # print error to STDERR\n    echo \"error: The sandbox is not in sync with the Podfile.lock. Run \'pod install\' or update your CocoaPods installation.\" >&2\n    exit 1\nfi\n";
			showEnvVarsInLog = 0;
		};
		AC4857BD995E72235817F9F6 /* [CP] Copy Pods Resources */ = {
			isa = PBXShellScriptBuildPhase;
			buildActionMask = 2147483647;
			files = (
			);
			inputPaths = (
			);
			name = "[CP] Copy Pods Resources";
			outputPaths = (
			);
			runOnlyForDeploymentPostprocessing = 0;
			shellPath = /bin/sh;
			shellScript = "\"${SRCROOT}/Pods/Target Support Files/Pods-PersonalPortfolio/Pods-PersonalPortfolio-resources.sh\"\n";
			showEnvVarsInLog = 0;
		};
/* End PBXShellScriptBuildPhase section */

/* Begin PBXSourcesBuildPhase section */
		3965436F1EAB949100228CBB /* Sources */ = {
			isa = PBXSourcesBuildPhase;
			buildActionMask = 2147483647;
			files = (
				396543791EAB949100228CBB /* ViewController.swift in Sources */,
				396543771EAB949100228CBB /* AppDelegate.swift in Sources */,
			);
			runOnlyForDeploymentPostprocessing = 0;
		};
/* End PBXSourcesBuildPhase section */

/* Begin PBXVariantGroup section */
		3965437A1EAB949100228CBB /* Main.storyboard */ = {
			isa = PBXVariantGroup;
			children = (
				3965437B1EAB949100228CBB /* Base */,
			);
			name = Main.storyboard;
			sourceTree = "<group>";
		};
		3965437F1EAB949100228CBB /* LaunchScreen.storyboard */ = {
			isa = PBXVariantGroup;
			children = (
				396543801EAB949100228CBB /* Base */,
			);
			name = LaunchScreen.storyboard;
			sourceTree = "<group>";
		};
/* End PBXVariantGroup section */

/* Begin XCBuildConfiguration section */
		396543831EAB949100228CBB /* Debug */ = {
			isa = XCBuildConfiguration;
			buildSettings = {
				ALWAYS_SEARCH_USER_PATHS = NO;
				CLANG_ANALYZER_NONNULL = YES;
				CLANG_CXX_LANGUAGE_STANDARD = "gnu++0x";
				CLANG_CXX_LIBRARY = "libc++";
				CLANG_ENABLE_MODULES = YES;
				CLANG_ENABLE_OBJC_ARC = YES;
				CLANG_WARN_BOOL_CONVERSION = YES;
				CLANG_WARN_CONSTANT_CONVERSION = YES;
				CLANG_WARN_DIRECT_OBJC_ISA_USAGE = YES_ERROR;
				CLANG_WARN_DOCUMENTATION_COMMENTS = YES;
				CLANG_WARN_EMPTY_BODY = YES;
				CLANG_WARN_ENUM_CONVERSION = YES;
				CLANG_WARN_INFINITE_RECURSION = YES;
				CLANG_WARN_INT_CONVERSION = YES;
				CLANG_WARN_OBJC_ROOT_CLASS = YES_ERROR;
				CLANG_WARN_SUSPICIOUS_MOVE = YES;
				CLANG_WARN_UNREACHABLE_CODE = YES;
				CLANG_WARN__DUPLICATE_METHOD_MATCH = YES;
				"CODE_SIGN_IDENTITY[sdk=iphoneos*]" = "iPhone Developer";
				COPY_PHASE_STRIP = NO;
				DEBUG_INFORMATION_FORMAT = dwarf;
				ENABLE_STRICT_OBJC_MSGSEND = YES;
				ENABLE_TESTABILITY = YES;
				GCC_C_LANGUAGE_STANDARD = gnu99;
				GCC_DYNAMIC_NO_PIC = NO;
				GCC_NO_COMMON_BLOCKS = YES;
				GCC_OPTIMIZATION_LEVEL = 0;
				GCC_PREPROCESSOR_DEFINITIONS = (
					"DEBUG=1",
					"$(inherited)",
				);
				GCC_WARN_64_TO_32_BIT_CONVERSION = YES;
				GCC_WARN_ABOUT_RETURN_TYPE = YES_ERROR;
				GCC_WARN_UNDECLARED_SELECTOR = YES;
				GCC_WARN_UNINITIALIZED_AUTOS = YES_AGGRESSIVE;
				GCC_WARN_UNUSED_FUNCTION = YES;
				GCC_WARN_UNUSED_VARIABLE = YES;
				IPHONEOS_DEPLOYMENT_TARGET = 10.2;
				MTL_ENABLE_DEBUG_INFO = YES;
				ONLY_ACTIVE_ARCH = YES;
				SDKROOT = iphoneos;
				SWIFT_ACTIVE_COMPILATION_CONDITIONS = DEBUG;
				SWIFT_OPTIMIZATION_LEVEL = "-Onone";
			};
			name = Debug;
		};
		396543841EAB949100228CBB /* Release */ = {
			isa = XCBuildConfiguration;
			buildSettings = {
				ALWAYS_SEARCH_USER_PATHS = NO;
				CLANG_ANALYZER_NONNULL = YES;
				CLANG_CXX_LANGUAGE_STANDARD = "gnu++0x";
				CLANG_CXX_LIBRARY = "libc++";
				CLANG_ENABLE_MODULES = YES;
				CLANG_ENABLE_OBJC_ARC = YES;
				CLANG_WARN_BOOL_CONVERSION = YES;
				CLANG_WARN_CONSTANT_CONVERSION = YES;
				CLANG_WARN_DIRECT_OBJC_ISA_USAGE = YES_ERROR;
				CLANG_WARN_DOCUMENTATION_COMMENTS = YES;
				CLANG_WARN_EMPTY_BODY = YES;
				CLANG_WARN_ENUM_CONVERSION = YES;
				CLANG_WARN_INFINITE_RECURSION = YES;
				CLANG_WARN_INT_CONVERSION = YES;
				CLANG_WARN_OBJC_ROOT_CLASS = YES_ERROR;
				CLANG_WARN_SUSPICIOUS_MOVE = YES;
				CLANG_WARN_UNREACHABLE_CODE = YES;
				CLANG_WARN__DUPLICATE_METHOD_MATCH = YES;
				"CODE_SIGN_IDENTITY[sdk=iphoneos*]" = "iPhone Developer";
				COPY_PHASE_STRIP = NO;
				DEBUG_INFORMATION_FORMAT = "dwarf-with-dsym";
				ENABLE_NS_ASSERTIONS = NO;
				ENABLE_STRICT_OBJC_MSGSEND = YES;
				GCC_C_LANGUAGE_STANDARD = gnu99;
				GCC_NO_COMMON_BLOCKS = YES;
				GCC_WARN_64_TO_32_BIT_CONVERSION = YES;
				GCC_WARN_ABOUT_RETURN_TYPE = YES_ERROR;
				GCC_WARN_UNDECLARED_SELECTOR = YES;
				GCC_WARN_UNINITIALIZED_AUTOS = YES_AGGRESSIVE;
				GCC_WARN_UNUSED_FUNCTION = YES;
				GCC_WARN_UNUSED_VARIABLE = YES;
				IPHONEOS_DEPLOYMENT_TARGET = 10.2;
				MTL_ENABLE_DEBUG_INFO = NO;
				SDKROOT = iphoneos;
				SWIFT_OPTIMIZATION_LEVEL = "-Owholemodule";
				VALIDATE_PRODUCT = YES;
			};
			name = Release;
		};
		396543861EAB949100228CBB /* Debug */ = {
			isa = XCBuildConfiguration;
			baseConfigurationReference = 4B426CADC4EE6A06F1D2B993 /* Pods-PersonalPortfolio.debug.xcconfig */;
			buildSettings = {
				ASSETCATALOG_COMPILER_APPICON_NAME = AppIcon;
				DEVELOPMENT_TEAM = JA3DANMHQT;
				INFOPLIST_FILE = PersonalPortfolio/Info.plist;
				LD_RUNPATH_SEARCH_PATHS = "$(inherited) @executable_path/Frameworks";
				PRODUCT_BUNDLE_IDENTIFIER = com.ryanbrashear.PersonalPortfolio;
				PRODUCT_NAME = "$(TARGET_NAME)";
				SWIFT_VERSION = 3.0;
			};
			name = Debug;
		};
		396543871EAB949100228CBB /* Release */ = {
			isa = XCBuildConfiguration;
			baseConfigurationReference = FF3F8D2066B7575D206F5616 /* Pods-PersonalPortfolio.release.xcconfig */;
			buildSettings = {
				ASSETCATALOG_COMPILER_APPICON_NAME = AppIcon;
				DEVELOPMENT_TEAM = JA3DANMHQT;
				INFOPLIST_FILE = PersonalPortfolio/Info.plist;
				LD_RUNPATH_SEARCH_PATHS = "$(inherited) @executable_path/Frameworks";
				PRODUCT_BUNDLE_IDENTIFIER = com.ryanbrashear.PersonalPortfolio;
				PRODUCT_NAME = "$(TARGET_NAME)";
				SWIFT_VERSION = 3.0;
			};
			name = Release;
		};
/* End XCBuildConfiguration section */

/* Begin XCConfigurationList section */
		3965436E1EAB949100228CBB /* Build configuration list for PBXProject "PersonalPortfolio" */ = {
			isa = XCConfigurationList;
			buildConfigurations = (
				396543831EAB949100228CBB /* Debug */,
				396543841EAB949100228CBB /* Release */,
			);
			defaultConfigurationIsVisible = 0;
			defaultConfigurationName = Release;
		};
		396543851EAB949100228CBB /* Build configuration list for PBXNativeTarget "PersonalPortfolio" */ = {
			isa = XCConfigurationList;
			buildConfigurations = (
				396543861EAB949100228CBB /* Debug */,
				396543871EAB949100228CBB /* Release */,
			);
			defaultConfigurationIsVisible = 0;
		};
/* End XCConfigurationList section */
	};
	rootObject = 3965436B1EAB949100228CBB /* Project object */;
}
